// !$*UTF8*$!
{
	archiveVersion = 1;
	classes = {
	};
	objectVersion = 56;
	objects = {

/* Begin PBXBuildFile section */
		349290C72E3F3D4000123A99 /* NetworkMonitor.swift in Sources */ = {isa = PBXBuildFile; fileRef = 349290C62E3F3D4000123A99 /* NetworkMonitor.swift */; };
		6A31BA562B5CA07D005AC8C2 /* LiveActivityDemoApp.swift in Sources */ = {isa = PBXBuildFile; fileRef = 6A31BA552B5CA07D005AC8C2 /* LiveActivityDemoApp.swift */; };
		6A31BA582B5CA07D005AC8C2 /* ContentView.swift in Sources */ = {isa = PBXBuildFile; fileRef = 6A31BA572B5CA07D005AC8C2 /* ContentView.swift */; };
		6A31BA5A2B5CA07F005AC8C2 /* Assets.xcassets in Resources */ = {isa = PBXBuildFile; fileRef = 6A31BA592B5CA07F005AC8C2 /* Assets.xcassets */; };
		6A31BA5D2B5CA07F005AC8C2 /* Preview Assets.xcassets in Resources */ = {isa = PBXBuildFile; fileRef = 6A31BA5C2B5CA07F005AC8C2 /* Preview Assets.xcassets */; };
		6A31BA5F2B5CA07F005AC8C2 /* Persistence.swift in Sources */ = {isa = PBXBuildFile; fileRef = 6A31BA5E2B5CA07F005AC8C2 /* Persistence.swift */; };
		6A31BA622B5CA07F005AC8C2 /* LiveActivityDemo.xcdatamodeld in Sources */ = {isa = PBXBuildFile; fileRef = 6A31BA602B5CA07F005AC8C2 /* LiveActivityDemo.xcdatamodeld */; };
		6A31BA6E2B5CA080005AC8C2 /* LiveActivityDemoTests.swift in Sources */ = {isa = PBXBuildFile; fileRef = 6A31BA6D2B5CA080005AC8C2 /* LiveActivityDemoTests.swift */; };
		6A31BA782B5CA080005AC8C2 /* LiveActivityDemoUITests.swift in Sources */ = {isa = PBXBuildFile; fileRef = 6A31BA772B5CA080005AC8C2 /* LiveActivityDemoUITests.swift */; };
		6A31BA7A2B5CA080005AC8C2 /* LiveActivityDemoUITestsLaunchTests.swift in Sources */ = {isa = PBXBuildFile; fileRef = 6A31BA792B5CA080005AC8C2 /* LiveActivityDemoUITestsLaunchTests.swift */; };
		6A31BA8D2B5CBF1A005AC8C2 /* WidgetKit.framework in Frameworks */ = {isa = PBXBuildFile; fileRef = 6A31BA8C2B5CBF1A005AC8C2 /* WidgetKit.framework */; };
		6A31BA8F2B5CBF1A005AC8C2 /* SwiftUI.framework in Frameworks */ = {isa = PBXBuildFile; fileRef = 6A31BA8E2B5CBF1A005AC8C2 /* SwiftUI.framework */; };
		6A31BA922B5CBF1A005AC8C2 /* WidgetViewBundle.swift in Sources */ = {isa = PBXBuildFile; fileRef = 6A31BA912B5CBF1A005AC8C2 /* WidgetViewBundle.swift */; };
		6A31BA942B5CBF1A005AC8C2 /* WidgetViewLiveActivity.swift in Sources */ = {isa = PBXBuildFile; fileRef = 6A31BA932B5CBF1A005AC8C2 /* WidgetViewLiveActivity.swift */; };
		6A31BA962B5CBF1A005AC8C2 /* WidgetView.swift in Sources */ = {isa = PBXBuildFile; fileRef = 6A31BA952B5CBF1A005AC8C2 /* WidgetView.swift */; };
		6A31BA982B5CBF1A005AC8C2 /* AppIntent.swift in Sources */ = {isa = PBXBuildFile; fileRef = 6A31BA972B5CBF1A005AC8C2 /* AppIntent.swift */; };
		6A31BA9A2B5CBF20005AC8C2 /* Assets.xcassets in Resources */ = {isa = PBXBuildFile; fileRef = 6A31BA992B5CBF20005AC8C2 /* Assets.xcassets */; };
		6A31BA9E2B5CBF20005AC8C2 /* WidgetViewExtension.appex in Embed Foundation Extensions */ = {isa = PBXBuildFile; fileRef = 6A31BA8A2B5CBF1A005AC8C2 /* WidgetViewExtension.appex */; settings = {ATTRIBUTES = (RemoveHeadersOnCopy, ); }; };
		6A31BAA42B5CCEA3005AC8C2 /* LiveActivityAttributes.swift in Sources */ = {isa = PBXBuildFile; fileRef = 6A31BAA32B5CCEA3005AC8C2 /* LiveActivityAttributes.swift */; };
		6A31BAA62B5CD336005AC8C2 /* ActivityController.swift in Sources */ = {isa = PBXBuildFile; fileRef = 6A31BAA52B5CD336005AC8C2 /* ActivityController.swift */; };
		6A31BAA72B5CD6CB005AC8C2 /* LiveActivityAttributes.swift in Sources */ = {isa = PBXBuildFile; fileRef = 6A31BAA32B5CCEA3005AC8C2 /* LiveActivityAttributes.swift */; };
/* End PBXBuildFile section */

/* Begin PBXContainerItemProxy section */
		6A31BA6A2B5CA080005AC8C2 /* PBXContainerItemProxy */ = {
			isa = PBXContainerItemProxy;
			containerPortal = 6A31BA4A2B5CA07D005AC8C2 /* Project object */;
			proxyType = 1;
			remoteGlobalIDString = 6A31BA512B5CA07D005AC8C2;
			remoteInfo = LiveActivityDemo;
		};
		6A31BA742B5CA080005AC8C2 /* PBXContainerItemProxy */ = {
			isa = PBXContainerItemProxy;
			containerPortal = 6A31BA4A2B5CA07D005AC8C2 /* Project object */;
			proxyType = 1;
			remoteGlobalIDString = 6A31BA512B5CA07D005AC8C2;
			remoteInfo = LiveActivityDemo;
		};
		6A31BA9C2B5CBF20005AC8C2 /* PBXContainerItemProxy */ = {
			isa = PBXContainerItemProxy;
			containerPortal = 6A31BA4A2B5CA07D005AC8C2 /* Project object */;
			proxyType = 1;
			remoteGlobalIDString = 6A31BA892B5CBF1A005AC8C2;
			remoteInfo = WidgetViewExtension;
		};
/* End PBXContainerItemProxy section */

/* Begin PBXCopyFilesBuildPhase section */
		6A31BAA22B5CBF20005AC8C2 /* Embed Foundation Extensions */ = {
			isa = PBXCopyFilesBuildPhase;
			buildActionMask = 2147483647;
			dstPath = "";
			dstSubfolderSpec = 13;
			files = (
				6A31BA9E2B5CBF20005AC8C2 /* WidgetViewExtension.appex in Embed Foundation Extensions */,
			);
			name = "Embed Foundation Extensions";
			runOnlyForDeploymentPostprocessing = 0;
		};
/* End PBXCopyFilesBuildPhase section */

/* Begin PBXFileReference section */
		349290C62E3F3D4000123A99 /* NetworkMonitor.swift */ = {isa = PBXFileReference; lastKnownFileType = sourcecode.swift; path = NetworkMonitor.swift; sourceTree = "<group>"; };
		6A31BA522B5CA07D005AC8C2 /* LiveActivityDemo.app */ = {isa = PBXFileReference; explicitFileType = wrapper.application; includeInIndex = 0; path = LiveActivityDemo.app; sourceTree = BUILT_PRODUCTS_DIR; };
		6A31BA552B5CA07D005AC8C2 /* LiveActivityDemoApp.swift */ = {isa = PBXFileReference; lastKnownFileType = sourcecode.swift; path = LiveActivityDemoApp.swift; sourceTree = "<group>"; };
		6A31BA572B5CA07D005AC8C2 /* ContentView.swift */ = {isa = PBXFileReference; lastKnownFileType = sourcecode.swift; path = ContentView.swift; sourceTree = "<group>"; };
		6A31BA592B5CA07F005AC8C2 /* Assets.xcassets */ = {isa = PBXFileReference; lastKnownFileType = folder.assetcatalog; path = Assets.xcassets; sourceTree = "<group>"; };
		6A31BA5C2B5CA07F005AC8C2 /* Preview Assets.xcassets */ = {isa = PBXFileReference; lastKnownFileType = folder.assetcatalog; path = "Preview Assets.xcassets"; sourceTree = "<group>"; };
		6A31BA5E2B5CA07F005AC8C2 /* Persistence.swift */ = {isa = PBXFileReference; lastKnownFileType = sourcecode.swift; path = Persistence.swift; sourceTree = "<group>"; };
		6A31BA612B5CA07F005AC8C2 /* LiveActivityDemo.xcdatamodel */ = {isa = PBXFileReference; lastKnownFileType = wrapper.xcdatamodel; path = LiveActivityDemo.xcdatamodel; sourceTree = "<group>"; };
		6A31BA632B5CA07F005AC8C2 /* LiveActivityDemo.entitlements */ = {isa = PBXFileReference; lastKnownFileType = text.plist.entitlements; path = LiveActivityDemo.entitlements; sourceTree = "<group>"; };
		6A31BA642B5CA07F005AC8C2 /* Info.plist */ = {isa = PBXFileReference; lastKnownFileType = text.plist.xml; path = Info.plist; sourceTree = "<group>"; };
		6A31BA692B5CA080005AC8C2 /* LiveActivityDemoTests.xctest */ = {isa = PBXFileReference; explicitFileType = wrapper.cfbundle; includeInIndex = 0; path = LiveActivityDemoTests.xctest; sourceTree = BUILT_PRODUCTS_DIR; };
		6A31BA6D2B5CA080005AC8C2 /* LiveActivityDemoTests.swift */ = {isa = PBXFileReference; lastKnownFileType = sourcecode.swift; path = LiveActivityDemoTests.swift; sourceTree = "<group>"; };
		6A31BA732B5CA080005AC8C2 /* LiveActivityDemoUITests.xctest */ = {isa = PBXFileReference; explicitFileType = wrapper.cfbundle; includeInIndex = 0; path = LiveActivityDemoUITests.xctest; sourceTree = BUILT_PRODUCTS_DIR; };
		6A31BA772B5CA080005AC8C2 /* LiveActivityDemoUITests.swift */ = {isa = PBXFileReference; lastKnownFileType = sourcecode.swift; path = LiveActivityDemoUITests.swift; sourceTree = "<group>"; };
		6A31BA792B5CA080005AC8C2 /* LiveActivityDemoUITestsLaunchTests.swift */ = {isa = PBXFileReference; lastKnownFileType = sourcecode.swift; path = LiveActivityDemoUITestsLaunchTests.swift; sourceTree = "<group>"; };
		6A31BA8A2B5CBF1A005AC8C2 /* WidgetViewExtension.appex */ = {isa = PBXFileReference; explicitFileType = "wrapper.app-extension"; includeInIndex = 0; path = WidgetViewExtension.appex; sourceTree = BUILT_PRODUCTS_DIR; };
		6A31BA8C2B5CBF1A005AC8C2 /* WidgetKit.framework */ = {isa = PBXFileReference; lastKnownFileType = wrapper.framework; name = WidgetKit.framework; path = System/Library/Frameworks/WidgetKit.framework; sourceTree = SDKROOT; };
		6A31BA8E2B5CBF1A005AC8C2 /* SwiftUI.framework */ = {isa = PBXFileReference; lastKnownFileType = wrapper.framework; name = SwiftUI.framework; path = System/Library/Frameworks/SwiftUI.framework; sourceTree = SDKROOT; };
		6A31BA912B5CBF1A005AC8C2 /* WidgetViewBundle.swift */ = {isa = PBXFileReference; lastKnownFileType = sourcecode.swift; path = WidgetViewBundle.swift; sourceTree = "<group>"; };
		6A31BA932B5CBF1A005AC8C2 /* WidgetViewLiveActivity.swift */ = {isa = PBXFileReference; lastKnownFileType = sourcecode.swift; path = WidgetViewLiveActivity.swift; sourceTree = "<group>"; };
		6A31BA952B5CBF1A005AC8C2 /* WidgetView.swift */ = {isa = PBXFileReference; lastKnownFileType = sourcecode.swift; path = WidgetView.swift; sourceTree = "<group>"; };
		6A31BA972B5CBF1A005AC8C2 /* AppIntent.swift */ = {isa = PBXFileReference; lastKnownFileType = sourcecode.swift; path = AppIntent.swift; sourceTree = "<group>"; };
		6A31BA992B5CBF20005AC8C2 /* Assets.xcassets */ = {isa = PBXFileReference; lastKnownFileType = folder.assetcatalog; path = Assets.xcassets; sourceTree = "<group>"; };
		6A31BA9B2B5CBF20005AC8C2 /* Info.plist */ = {isa = PBXFileReference; lastKnownFileType = text.plist.xml; path = Info.plist; sourceTree = "<group>"; };
		6A31BAA32B5CCEA3005AC8C2 /* LiveActivityAttributes.swift */ = {isa = PBXFileReference; lastKnownFileType = sourcecode.swift; path = LiveActivityAttributes.swift; sourceTree = "<group>"; };
		6A31BAA52B5CD336005AC8C2 /* ActivityController.swift */ = {isa = PBXFileReference; lastKnownFileType = sourcecode.swift; path = ActivityController.swift; sourceTree = "<group>"; };
/* End PBXFileReference section */

/* Begin PBXFrameworksBuildPhase section */
		6A31BA4F2B5CA07D005AC8C2 /* Frameworks */ = {
			isa = PBXFrameworksBuildPhase;
			buildActionMask = 2147483647;
			files = (
			);
			runOnlyForDeploymentPostprocessing = 0;
		};
		6A31BA662B5CA080005AC8C2 /* Frameworks */ = {
			isa = PBXFrameworksBuildPhase;
			buildActionMask = 2147483647;
			files = (
			);
			runOnlyForDeploymentPostprocessing = 0;
		};
		6A31BA702B5CA080005AC8C2 /* Frameworks */ = {
			isa = PBXFrameworksBuildPhase;
			buildActionMask = 2147483647;
			files = (
			);
			runOnlyForDeploymentPostprocessing = 0;
		};
		6A31BA872B5CBF1A005AC8C2 /* Frameworks */ = {
			isa = PBXFrameworksBuildPhase;
			buildActionMask = 2147483647;
			files = (
				6A31BA8F2B5CBF1A005AC8C2 /* SwiftUI.framework in Frameworks */,
				6A31BA8D2B5CBF1A005AC8C2 /* WidgetKit.framework in Frameworks */,
			);
			runOnlyForDeploymentPostprocessing = 0;
		};
/* End PBXFrameworksBuildPhase section */

/* Begin PBXGroup section */
		6A31BA492B5CA07D005AC8C2 = {
			isa = PBXGroup;
			children = (
				6A31BA542B5CA07D005AC8C2 /* LiveActivityDemo */,
				6A31BA6C2B5CA080005AC8C2 /* LiveActivityDemoTests */,
				6A31BA762B5CA080005AC8C2 /* LiveActivityDemoUITests */,
				6A31BA902B5CBF1A005AC8C2 /* WidgetView */,
				6A31BA8B2B5CBF1A005AC8C2 /* Frameworks */,
				6A31BA532B5CA07D005AC8C2 /* Products */,
			);
			sourceTree = "<group>";
		};
		6A31BA532B5CA07D005AC8C2 /* Products */ = {
			isa = PBXGroup;
			children = (
				6A31BA522B5CA07D005AC8C2 /* LiveActivityDemo.app */,
				6A31BA692B5CA080005AC8C2 /* LiveActivityDemoTests.xctest */,
				6A31BA732B5CA080005AC8C2 /* LiveActivityDemoUITests.xctest */,
				6A31BA8A2B5CBF1A005AC8C2 /* WidgetViewExtension.appex */,
			);
			name = Products;
			sourceTree = "<group>";
		};
		6A31BA542B5CA07D005AC8C2 /* LiveActivityDemo */ = {
			isa = PBXGroup;
			children = (
				349290C62E3F3D4000123A99 /* NetworkMonitor.swift */,
				6A31BA552B5CA07D005AC8C2 /* LiveActivityDemoApp.swift */,
				6A31BA572B5CA07D005AC8C2 /* ContentView.swift */,
				6A31BA592B5CA07F005AC8C2 /* Assets.xcassets */,
				6A31BA5E2B5CA07F005AC8C2 /* Persistence.swift */,
				6A31BA632B5CA07F005AC8C2 /* LiveActivityDemo.entitlements */,
				6A31BA642B5CA07F005AC8C2 /* Info.plist */,
				6A31BA602B5CA07F005AC8C2 /* LiveActivityDemo.xcdatamodeld */,
				6A31BA5B2B5CA07F005AC8C2 /* Preview Content */,
				6A31BAA32B5CCEA3005AC8C2 /* LiveActivityAttributes.swift */,
				6A31BAA52B5CD336005AC8C2 /* ActivityController.swift */,
			);
			path = LiveActivityDemo;
			sourceTree = "<group>";
		};
		6A31BA5B2B5CA07F005AC8C2 /* Preview Content */ = {
			isa = PBXGroup;
			children = (
				6A31BA5C2B5CA07F005AC8C2 /* Preview Assets.xcassets */,
			);
			path = "Preview Content";
			sourceTree = "<group>";
		};
		6A31BA6C2B5CA080005AC8C2 /* LiveActivityDemoTests */ = {
			isa = PBXGroup;
			children = (
				6A31BA6D2B5CA080005AC8C2 /* LiveActivityDemoTests.swift */,
			);
			path = LiveActivityDemoTests;
			sourceTree = "<group>";
		};
		6A31BA762B5CA080005AC8C2 /* LiveActivityDemoUITests */ = {
			isa = PBXGroup;
			children = (
				6A31BA772B5CA080005AC8C2 /* LiveActivityDemoUITests.swift */,
				6A31BA792B5CA080005AC8C2 /* LiveActivityDemoUITestsLaunchTests.swift */,
			);
			path = LiveActivityDemoUITests;
			sourceTree = "<group>";
		};
		6A31BA8B2B5CBF1A005AC8C2 /* Frameworks */ = {
			isa = PBXGroup;
			children = (
				6A31BA8C2B5CBF1A005AC8C2 /* WidgetKit.framework */,
				6A31BA8E2B5CBF1A005AC8C2 /* SwiftUI.framework */,
			);
			name = Frameworks;
			sourceTree = "<group>";
		};
		6A31BA902B5CBF1A005AC8C2 /* WidgetView */ = {
			isa = PBXGroup;
			children = (
				6A31BA912B5CBF1A005AC8C2 /* WidgetViewBundle.swift */,
				6A31BA932B5CBF1A005AC8C2 /* WidgetViewLiveActivity.swift */,
				6A31BA952B5CBF1A005AC8C2 /* WidgetView.swift */,
				6A31BA972B5CBF1A005AC8C2 /* AppIntent.swift */,
				6A31BA992B5CBF20005AC8C2 /* Assets.xcassets */,
				6A31BA9B2B5CBF20005AC8C2 /* Info.plist */,
			);
			path = WidgetView;
			sourceTree = "<group>";
		};
/* End PBXGroup section */

/* Begin PBXNativeTarget section */
		6A31BA512B5CA07D005AC8C2 /* LiveActivityDemo */ = {
			isa = PBXNativeTarget;
			buildConfigurationList = 6A31BA7D2B5CA080005AC8C2 /* Build configuration list for PBXNativeTarget "LiveActivityDemo" */;
			buildPhases = (
				6A31BA4E2B5CA07D005AC8C2 /* Sources */,
				6A31BA4F2B5CA07D005AC8C2 /* Frameworks */,
				6A31BA502B5CA07D005AC8C2 /* Resources */,
				6A31BAA22B5CBF20005AC8C2 /* Embed Foundation Extensions */,
			);
			buildRules = (
			);
			dependencies = (
				6A31BA9D2B5CBF20005AC8C2 /* PBXTargetDependency */,
			);
			name = LiveActivityDemo;
			productName = LiveActivityDemo;
			productReference = 6A31BA522B5CA07D005AC8C2 /* LiveActivityDemo.app */;
			productType = "com.apple.product-type.application";
		};
		6A31BA682B5CA080005AC8C2 /* LiveActivityDemoTests */ = {
			isa = PBXNativeTarget;
			buildConfigurationList = 6A31BA802B5CA080005AC8C2 /* Build configuration list for PBXNativeTarget "LiveActivityDemoTests" */;
			buildPhases = (
				6A31BA652B5CA080005AC8C2 /* Sources */,
				6A31BA662B5CA080005AC8C2 /* Frameworks */,
				6A31BA672B5CA080005AC8C2 /* Resources */,
			);
			buildRules = (
			);
			dependencies = (
				6A31BA6B2B5CA080005AC8C2 /* PBXTargetDependency */,
			);
			name = LiveActivityDemoTests;
			productName = LiveActivityDemoTests;
			productReference = 6A31BA692B5CA080005AC8C2 /* LiveActivityDemoTests.xctest */;
			productType = "com.apple.product-type.bundle.unit-test";
		};
		6A31BA722B5CA080005AC8C2 /* LiveActivityDemoUITests */ = {
			isa = PBXNativeTarget;
			buildConfigurationList = 6A31BA832B5CA080005AC8C2 /* Build configuration list for PBXNativeTarget "LiveActivityDemoUITests" */;
			buildPhases = (
				6A31BA6F2B5CA080005AC8C2 /* Sources */,
				6A31BA702B5CA080005AC8C2 /* Frameworks */,
				6A31BA712B5CA080005AC8C2 /* Resources */,
			);
			buildRules = (
			);
			dependencies = (
				6A31BA752B5CA080005AC8C2 /* PBXTargetDependency */,
			);
			name = LiveActivityDemoUITests;
			productName = LiveActivityDemoUITests;
			productReference = 6A31BA732B5CA080005AC8C2 /* LiveActivityDemoUITests.xctest */;
			productType = "com.apple.product-type.bundle.ui-testing";
		};
		6A31BA892B5CBF1A005AC8C2 /* WidgetViewExtension */ = {
			isa = PBXNativeTarget;
			buildConfigurationList = 6A31BA9F2B5CBF20005AC8C2 /* Build configuration list for PBXNativeTarget "WidgetViewExtension" */;
			buildPhases = (
				6A31BA862B5CBF1A005AC8C2 /* Sources */,
				6A31BA872B5CBF1A005AC8C2 /* Frameworks */,
				6A31BA882B5CBF1A005AC8C2 /* Resources */,
			);
			buildRules = (
			);
			dependencies = (
			);
			name = WidgetViewExtension;
			productName = WidgetViewExtension;
			productReference = 6A31BA8A2B5CBF1A005AC8C2 /* WidgetViewExtension.appex */;
			productType = "com.apple.product-type.app-extension";
		};
/* End PBXNativeTarget section */

/* Begin PBXProject section */
		6A31BA4A2B5CA07D005AC8C2 /* Project object */ = {
			isa = PBXProject;
			attributes = {
				BuildIndependentTargetsInParallel = 1;
				LastSwiftUpdateCheck = 1510;
				LastUpgradeCheck = 1510;
				TargetAttributes = {
					6A31BA512B5CA07D005AC8C2 = {
						CreatedOnToolsVersion = 15.1;
					};
					6A31BA682B5CA080005AC8C2 = {
						CreatedOnToolsVersion = 15.1;
						TestTargetID = 6A31BA512B5CA07D005AC8C2;
					};
					6A31BA722B5CA080005AC8C2 = {
						CreatedOnToolsVersion = 15.1;
						TestTargetID = 6A31BA512B5CA07D005AC8C2;
					};
					6A31BA892B5CBF1A005AC8C2 = {
						CreatedOnToolsVersion = 15.1;
					};
				};
			};
			buildConfigurationList = 6A31BA4D2B5CA07D005AC8C2 /* Build configuration list for PBXProject "LiveActivityDemo" */;
			compatibilityVersion = "Xcode 14.0";
			developmentRegion = en;
			hasScannedForEncodings = 0;
			knownRegions = (
				en,
				Base,
			);
			mainGroup = 6A31BA492B5CA07D005AC8C2;
			productRefGroup = 6A31BA532B5CA07D005AC8C2 /* Products */;
			projectDirPath = "";
			projectRoot = "";
			targets = (
				6A31BA512B5CA07D005AC8C2 /* LiveActivityDemo */,
				6A31BA682B5CA080005AC8C2 /* LiveActivityDemoTests */,
				6A31BA722B5CA080005AC8C2 /* LiveActivityDemoUITests */,
				6A31BA892B5CBF1A005AC8C2 /* WidgetViewExtension */,
			);
		};
/* End PBXProject section */

/* Begin PBXResourcesBuildPhase section */
		6A31BA502B5CA07D005AC8C2 /* Resources */ = {
			isa = PBXResourcesBuildPhase;
			buildActionMask = 2147483647;
			files = (
				6A31BA5D2B5CA07F005AC8C2 /* Preview Assets.xcassets in Resources */,
				6A31BA5A2B5CA07F005AC8C2 /* Assets.xcassets in Resources */,
			);
			runOnlyForDeploymentPostprocessing = 0;
		};
		6A31BA672B5CA080005AC8C2 /* Resources */ = {
			isa = PBXResourcesBuildPhase;
			buildActionMask = 2147483647;
			files = (
			);
			runOnlyForDeploymentPostprocessing = 0;
		};
		6A31BA712B5CA080005AC8C2 /* Resources */ = {
			isa = PBXResourcesBuildPhase;
			buildActionMask = 2147483647;
			files = (
			);
			runOnlyForDeploymentPostprocessing = 0;
		};
		6A31BA882B5CBF1A005AC8C2 /* Resources */ = {
			isa = PBXResourcesBuildPhase;
			buildActionMask = 2147483647;
			files = (
				6A31BA9A2B5CBF20005AC8C2 /* Assets.xcassets in Resources */,
			);
			runOnlyForDeploymentPostprocessing = 0;
		};
/* End PBXResourcesBuildPhase section */

/* Begin PBXSourcesBuildPhase section */
		6A31BA4E2B5CA07D005AC8C2 /* Sources */ = {
			isa = PBXSourcesBuildPhase;
			buildActionMask = 2147483647;
			files = (
				6A31BAA42B5CCEA3005AC8C2 /* LiveActivityAttributes.swift in Sources */,
				6A31BA5F2B5CA07F005AC8C2 /* Persistence.swift in Sources */,
				6A31BA582B5CA07D005AC8C2 /* ContentView.swift in Sources */,
				6A31BA562B5CA07D005AC8C2 /* LiveActivityDemoApp.swift in Sources */,
				6A31BAA62B5CD336005AC8C2 /* ActivityController.swift in Sources */,
				6A31BA622B5CA07F005AC8C2 /* LiveActivityDemo.xcdatamodeld in Sources */,
				349290C72E3F3D4000123A99 /* NetworkMonitor.swift in Sources */,
			);
			runOnlyForDeploymentPostprocessing = 0;
		};
		6A31BA652B5CA080005AC8C2 /* Sources */ = {
			isa = PBXSourcesBuildPhase;
			buildActionMask = 2147483647;
			files = (
				6A31BA6E2B5CA080005AC8C2 /* LiveActivityDemoTests.swift in Sources */,
			);
			runOnlyForDeploymentPostprocessing = 0;
		};
		6A31BA6F2B5CA080005AC8C2 /* Sources */ = {
			isa = PBXSourcesBuildPhase;
			buildActionMask = 2147483647;
			files = (
				6A31BA7A2B5CA080005AC8C2 /* LiveActivityDemoUITestsLaunchTests.swift in Sources */,
				6A31BA782B5CA080005AC8C2 /* LiveActivityDemoUITests.swift in Sources */,
			);
			runOnlyForDeploymentPostprocessing = 0;
		};
		6A31BA862B5CBF1A005AC8C2 /* Sources */ = {
			isa = PBXSourcesBuildPhase;
			buildActionMask = 2147483647;
			files = (
				6A31BAA72B5CD6CB005AC8C2 /* LiveActivityAttributes.swift in Sources */,
				6A31BA962B5CBF1A005AC8C2 /* WidgetView.swift in Sources */,
				6A31BA982B5CBF1A005AC8C2 /* AppIntent.swift in Sources */,
				6A31BA922B5CBF1A005AC8C2 /* WidgetViewBundle.swift in Sources */,
				6A31BA942B5CBF1A005AC8C2 /* WidgetViewLiveActivity.swift in Sources */,
			);
			runOnlyForDeploymentPostprocessing = 0;
		};
/* End PBXSourcesBuildPhase section */

/* Begin PBXTargetDependency section */
		6A31BA6B2B5CA080005AC8C2 /* PBXTargetDependency */ = {
			isa = PBXTargetDependency;
			target = 6A31BA512B5CA07D005AC8C2 /* LiveActivityDemo */;
			targetProxy = 6A31BA6A2B5CA080005AC8C2 /* PBXContainerItemProxy */;
		};
		6A31BA752B5CA080005AC8C2 /* PBXTargetDependency */ = {
			isa = PBXTargetDependency;
			target = 6A31BA512B5CA07D005AC8C2 /* LiveActivityDemo */;
			targetProxy = 6A31BA742B5CA080005AC8C2 /* PBXContainerItemProxy */;
		};
		6A31BA9D2B5CBF20005AC8C2 /* PBXTargetDependency */ = {
			isa = PBXTargetDependency;
			target = 6A31BA892B5CBF1A005AC8C2 /* WidgetViewExtension */;
			targetProxy = 6A31BA9C2B5CBF20005AC8C2 /* PBXContainerItemProxy */;
		};
/* End PBXTargetDependency section */

/* Begin XCBuildConfiguration section */
		6A31BA7B2B5CA080005AC8C2 /* Debug */ = {
			isa = XCBuildConfiguration;
			buildSettings = {
				ALWAYS_SEARCH_USER_PATHS = NO;
				ASSETCATALOG_COMPILER_GENERATE_SWIFT_ASSET_SYMBOL_EXTENSIONS = YES;
				CLANG_ANALYZER_NONNULL = YES;
				CLANG_ANALYZER_NUMBER_OBJECT_CONVERSION = YES_AGGRESSIVE;
				CLANG_CXX_LANGUAGE_STANDARD = "gnu++20";
				CLANG_ENABLE_MODULES = YES;
				CLANG_ENABLE_OBJC_ARC = YES;
				CLANG_ENABLE_OBJC_WEAK = YES;
				CLANG_WARN_BLOCK_CAPTURE_AUTORELEASING = YES;
				CLANG_WARN_BOOL_CONVERSION = YES;
				CLANG_WARN_COMMA = YES;
				CLANG_WARN_CONSTANT_CONVERSION = YES;
				CLANG_WARN_DEPRECATED_OBJC_IMPLEMENTATIONS = YES;
				CLANG_WARN_DIRECT_OBJC_ISA_USAGE = YES_ERROR;
				CLANG_WARN_DOCUMENTATION_COMMENTS = YES;
				CLANG_WARN_EMPTY_BODY = YES;
				CLANG_WARN_ENUM_CONVERSION = YES;
				CLANG_WARN_INFINITE_RECURSION = YES;
				CLANG_WARN_INT_CONVERSION = YES;
				CLANG_WARN_NON_LITERAL_NULL_CONVERSION = YES;
				CLANG_WARN_OBJC_IMPLICIT_RETAIN_SELF = YES;
				CLANG_WARN_OBJC_LITERAL_CONVERSION = YES;
				CLANG_WARN_OBJC_ROOT_CLASS = YES_ERROR;
				CLANG_WARN_QUOTED_INCLUDE_IN_FRAMEWORK_HEADER = YES;
				CLANG_WARN_RANGE_LOOP_ANALYSIS = YES;
				CLANG_WARN_STRICT_PROTOTYPES = YES;
				CLANG_WARN_SUSPICIOUS_MOVE = YES;
				CLANG_WARN_UNGUARDED_AVAILABILITY = YES_AGGRESSIVE;
				CLANG_WARN_UNREACHABLE_CODE = YES;
				CLANG_WARN__DUPLICATE_METHOD_MATCH = YES;
				COPY_PHASE_STRIP = NO;
				DEBUG_INFORMATION_FORMAT = dwarf;
				ENABLE_STRICT_OBJC_MSGSEND = YES;
				ENABLE_TESTABILITY = YES;
				ENABLE_USER_SCRIPT_SANDBOXING = YES;
				GCC_C_LANGUAGE_STANDARD = gnu17;
				GCC_DYNAMIC_NO_PIC = NO;
				GCC_NO_COMMON_BLOCKS = YES;
				GCC_OPTIMIZATION_LEVEL = 0;
				GCC_PREPROCESSOR_DEFINITIONS = (
					"DEBUG=1",
					"$(inherited)",
				);
				GCC_WARN_64_TO_32_BIT_CONVERSION = YES;
				GCC_WARN_ABOUT_RETURN_TYPE = YES_ERROR;
				GCC_WARN_UNDECLARED_SELECTOR = YES;
				GCC_WARN_UNINITIALIZED_AUTOS = YES_AGGRESSIVE;
				GCC_WARN_UNUSED_FUNCTION = YES;
				GCC_WARN_UNUSED_VARIABLE = YES;
				IPHONEOS_DEPLOYMENT_TARGET = 17.2;
				LOCALIZATION_PREFERS_STRING_CATALOGS = YES;
				MTL_ENABLE_DEBUG_INFO = INCLUDE_SOURCE;
				MTL_FAST_MATH = YES;
				ONLY_ACTIVE_ARCH = YES;
				SDKROOT = iphoneos;
				SWIFT_ACTIVE_COMPILATION_CONDITIONS = "DEBUG $(inherited)";
				SWIFT_OPTIMIZATION_LEVEL = "-Onone";
			};
			name = Debug;
		};
		6A31BA7C2B5CA080005AC8C2 /* Release */ = {
			isa = XCBuildConfiguration;
			buildSettings = {
				ALWAYS_SEARCH_USER_PATHS = NO;
				ASSETCATALOG_COMPILER_GENERATE_SWIFT_ASSET_SYMBOL_EXTENSIONS = YES;
				CLANG_ANALYZER_NONNULL = YES;
				CLANG_ANALYZER_NUMBER_OBJECT_CONVERSION = YES_AGGRESSIVE;
				CLANG_CXX_LANGUAGE_STANDARD = "gnu++20";
				CLANG_ENABLE_MODULES = YES;
				CLANG_ENABLE_OBJC_ARC = YES;
				CLANG_ENABLE_OBJC_WEAK = YES;
				CLANG_WARN_BLOCK_CAPTURE_AUTORELEASING = YES;
				CLANG_WARN_BOOL_CONVERSION = YES;
				CLANG_WARN_COMMA = YES;
				CLANG_WARN_CONSTANT_CONVERSION = YES;
				CLANG_WARN_DEPRECATED_OBJC_IMPLEMENTATIONS = YES;
				CLANG_WARN_DIRECT_OBJC_ISA_USAGE = YES_ERROR;
				CLANG_WARN_DOCUMENTATION_COMMENTS = YES;
				CLANG_WARN_EMPTY_BODY = YES;
				CLANG_WARN_ENUM_CONVERSION = YES;
				CLANG_WARN_INFINITE_RECURSION = YES;
				CLANG_WARN_INT_CONVERSION = YES;
				CLANG_WARN_NON_LITERAL_NULL_CONVERSION = YES;
				CLANG_WARN_OBJC_IMPLICIT_RETAIN_SELF = YES;
				CLANG_WARN_OBJC_LITERAL_CONVERSION = YES;
				CLANG_WARN_OBJC_ROOT_CLASS = YES_ERROR;
				CLANG_WARN_QUOTED_INCLUDE_IN_FRAMEWORK_HEADER = YES;
				CLANG_WARN_RANGE_LOOP_ANALYSIS = YES;
				CLANG_WARN_STRICT_PROTOTYPES = YES;
				CLANG_WARN_SUSPICIOUS_MOVE = YES;
				CLANG_WARN_UNGUARDED_AVAILABILITY = YES_AGGRESSIVE;
				CLANG_WARN_UNREACHABLE_CODE = YES;
				CLANG_WARN__DUPLICATE_METHOD_MATCH = YES;
				COPY_PHASE_STRIP = NO;
				DEBUG_INFORMATION_FORMAT = "dwarf-with-dsym";
				ENABLE_NS_ASSERTIONS = NO;
				ENABLE_STRICT_OBJC_MSGSEND = YES;
				ENABLE_USER_SCRIPT_SANDBOXING = YES;
				GCC_C_LANGUAGE_STANDARD = gnu17;
				GCC_NO_COMMON_BLOCKS = YES;
				GCC_WARN_64_TO_32_BIT_CONVERSION = YES;
				GCC_WARN_ABOUT_RETURN_TYPE = YES_ERROR;
				GCC_WARN_UNDECLARED_SELECTOR = YES;
				GCC_WARN_UNINITIALIZED_AUTOS = YES_AGGRESSIVE;
				GCC_WARN_UNUSED_FUNCTION = YES;
				GCC_WARN_UNUSED_VARIABLE = YES;
				IPHONEOS_DEPLOYMENT_TARGET = 17.2;
				LOCALIZATION_PREFERS_STRING_CATALOGS = YES;
				MTL_ENABLE_DEBUG_INFO = NO;
				MTL_FAST_MATH = YES;
				SDKROOT = iphoneos;
				SWIFT_COMPILATION_MODE = wholemodule;
				VALIDATE_PRODUCT = YES;
			};
			name = Release;
		};
		6A31BA7E2B5CA080005AC8C2 /* Debug */ = {
			isa = XCBuildConfiguration;
			buildSettings = {
				ALWAYS_EMBED_SWIFT_STANDARD_LIBRARIES = YES;
				ASSETCATALOG_COMPILER_APPICON_NAME = AppIcon;
				ASSETCATALOG_COMPILER_GLOBAL_ACCENT_COLOR_NAME = AccentColor;
				CODE_SIGN_ENTITLEMENTS = LiveActivityDemo/LiveActivityDemo.entitlements;
				CODE_SIGN_STYLE = Automatic;
				CURRENT_PROJECT_VERSION = 1;
				DEVELOPMENT_ASSET_PATHS = "\"LiveActivityDemo/Preview Content\"";
				DEVELOPMENT_TEAM = 299J6S3M7M;
				ENABLE_PREVIEWS = YES;
				GENERATE_INFOPLIST_FILE = YES;
				INFOPLIST_FILE = LiveActivityDemo/Info.plist;
				INFOPLIST_KEY_NSSupportsLiveActivities = YES;
				INFOPLIST_KEY_NSSupportsLiveActivitiesFrequentUpdates = YES;
				INFOPLIST_KEY_UIApplicationSceneManifest_Generation = YES;
				INFOPLIST_KEY_UIApplicationSupportsIndirectInputEvents = YES;
				INFOPLIST_KEY_UILaunchScreen_Generation = YES;
				INFOPLIST_KEY_UISupportedInterfaceOrientations_iPad = "UIInterfaceOrientationPortrait UIInterfaceOrientationPortraitUpsideDown UIInterfaceOrientationLandscapeLeft UIInterfaceOrientationLandscapeRight";
				INFOPLIST_KEY_UISupportedInterfaceOrientations_iPhone = "UIInterfaceOrientationPortrait UIInterfaceOrientationLandscapeLeft UIInterfaceOrientationLandscapeRight";
				LD_RUNPATH_SEARCH_PATHS = (
					"$(inherited)",
					"@executable_path/Frameworks",
				);
				MARKETING_VERSION = 1.0;
				PRODUCT_BUNDLE_IDENTIFIER = com.sladezhang.LiveActivityDemo;
				PRODUCT_NAME = "$(TARGET_NAME)";
				SWIFT_EMIT_LOC_STRINGS = YES;
				SWIFT_VERSION = 5.0;
				TARGETED_DEVICE_FAMILY = "1,2";
			};
			name = Debug;
		};
		6A31BA7F2B5CA080005AC8C2 /* Release */ = {
			isa = XCBuildConfiguration;
			buildSettings = {
				ALWAYS_EMBED_SWIFT_STANDARD_LIBRARIES = YES;
				ASSETCATALOG_COMPILER_APPICON_NAME = AppIcon;
				ASSETCATALOG_COMPILER_GLOBAL_ACCENT_COLOR_NAME = AccentColor;
				CODE_SIGN_ENTITLEMENTS = LiveActivityDemo/LiveActivityDemo.entitlements;
				CODE_SIGN_STYLE = Automatic;
				CURRENT_PROJECT_VERSION = 1;
				DEVELOPMENT_ASSET_PATHS = "\"LiveActivityDemo/Preview Content\"";
				DEVELOPMENT_TEAM = 299J6S3M7M;
				ENABLE_PREVIEWS = YES;
				GENERATE_INFOPLIST_FILE = YES;
				INFOPLIST_FILE = LiveActivityDemo/Info.plist;
				INFOPLIST_KEY_NSSupportsLiveActivities = YES;
				INFOPLIST_KEY_NSSupportsLiveActivitiesFrequentUpdates = YES;
				INFOPLIST_KEY_UIApplicationSceneManifest_Generation = YES;
				INFOPLIST_KEY_UIApplicationSupportsIndirectInputEvents = YES;
				INFOPLIST_KEY_UILaunchScreen_Generation = YES;
				INFOPLIST_KEY_UISupportedInterfaceOrientations_iPad = "UIInterfaceOrientationPortrait UIInterfaceOrientationPortraitUpsideDown UIInterfaceOrientationLandscapeLeft UIInterfaceOrientationLandscapeRight";
				INFOPLIST_KEY_UISupportedInterfaceOrientations_iPhone = "UIInterfaceOrientationPortrait UIInterfaceOrientationLandscapeLeft UIInterfaceOrientationLandscapeRight";
				LD_RUNPATH_SEARCH_PATHS = (
					"$(inherited)",
					"@executable_path/Frameworks",
				);
				MARKETING_VERSION = 1.0;
				PRODUCT_BUNDLE_IDENTIFIER = com.sladezhang.LiveActivityDemo;
				PRODUCT_NAME = "$(TARGET_NAME)";
				SWIFT_EMIT_LOC_STRINGS = YES;
				SWIFT_VERSION = 5.0;
				TARGETED_DEVICE_FAMILY = "1,2";
			};
			name = Release;
		};
		6A31BA812B5CA080005AC8C2 /* Debug */ = {
			isa = XCBuildConfiguration;
			buildSettings = {
				ALWAYS_EMBED_SWIFT_STANDARD_LIBRARIES = YES;
				BUNDLE_LOADER = "$(TEST_HOST)";
				CODE_SIGN_STYLE = Automatic;
				CURRENT_PROJECT_VERSION = 1;
				DEVELOPMENT_TEAM = 3JF38H23W8;
				GENERATE_INFOPLIST_FILE = YES;
				IPHONEOS_DEPLOYMENT_TARGET = 17.2;
				MARKETING_VERSION = 1.0;
				PRODUCT_BUNDLE_IDENTIFIER = com.ficow.LiveActivityDemoTests;
				PRODUCT_NAME = "$(TARGET_NAME)";
				SWIFT_EMIT_LOC_STRINGS = NO;
				SWIFT_VERSION = 5.0;
				TARGETED_DEVICE_FAMILY = "1,2";
				TEST_HOST = "$(BUILT_PRODUCTS_DIR)/LiveActivityDemo.app/$(BUNDLE_EXECUTABLE_FOLDER_PATH)/LiveActivityDemo";
			};
			name = Debug;
		};
		6A31BA822B5CA080005AC8C2 /* Release */ = {
			isa = XCBuildConfiguration;
			buildSettings = {
				ALWAYS_EMBED_SWIFT_STANDARD_LIBRARIES = YES;
				BUNDLE_LOADER = "$(TEST_HOST)";
				CODE_SIGN_STYLE = Automatic;
				CURRENT_PROJECT_VERSION = 1;
				DEVELOPMENT_TEAM = 3JF38H23W8;
				GENERATE_INFOPLIST_FILE = YES;
				IPHONEOS_DEPLOYMENT_TARGET = 17.2;
				MARKETING_VERSION = 1.0;
				PRODUCT_BUNDLE_IDENTIFIER = com.ficow.LiveActivityDemoTests;
				PRODUCT_NAME = "$(TARGET_NAME)";
				SWIFT_EMIT_LOC_STRINGS = NO;
				SWIFT_VERSION = 5.0;
				TARGETED_DEVICE_FAMILY = "1,2";
				TEST_HOST = "$(BUILT_PRODUCTS_DIR)/LiveActivityDemo.app/$(BUNDLE_EXECUTABLE_FOLDER_PATH)/LiveActivityDemo";
			};
			name = Release;
		};
		6A31BA842B5CA080005AC8C2 /* Debug */ = {
			isa = XCBuildConfiguration;
			buildSettings = {
				ALWAYS_EMBED_SWIFT_STANDARD_LIBRARIES = YES;
				CODE_SIGN_STYLE = Automatic;
				CURRENT_PROJECT_VERSION = 1;
				DEVELOPMENT_TEAM = 3JF38H23W8;
				GENERATE_INFOPLIST_FILE = YES;
				MARKETING_VERSION = 1.0;
				PRODUCT_BUNDLE_IDENTIFIER = com.ficow.LiveActivityDemoUITests;
				PRODUCT_NAME = "$(TARGET_NAME)";
				SWIFT_EMIT_LOC_STRINGS = NO;
				SWIFT_VERSION = 5.0;
				TARGETED_DEVICE_FAMILY = "1,2";
				TEST_TARGET_NAME = LiveActivityDemo;
			};
			name = Debug;
		};
		6A31BA852B5CA080005AC8C2 /* Release */ = {
			isa = XCBuildConfiguration;
			buildSettings = {
				ALWAYS_EMBED_SWIFT_STANDARD_LIBRARIES = YES;
				CODE_SIGN_STYLE = Automatic;
				CURRENT_PROJECT_VERSION = 1;
				DEVELOPMENT_TEAM = 3JF38H23W8;
				GENERATE_INFOPLIST_FILE = YES;
				MARKETING_VERSION = 1.0;
				PRODUCT_BUNDLE_IDENTIFIER = com.ficow.LiveActivityDemoUITests;
				PRODUCT_NAME = "$(TARGET_NAME)";
				SWIFT_EMIT_LOC_STRINGS = NO;
				SWIFT_VERSION = 5.0;
				TARGETED_DEVICE_FAMILY = "1,2";
				TEST_TARGET_NAME = LiveActivityDemo;
			};
			name = Release;
		};
		6A31BAA02B5CBF20005AC8C2 /* Debug */ = {
			isa = XCBuildConfiguration;
			buildSettings = {
				ASSETCATALOG_COMPILER_GLOBAL_ACCENT_COLOR_NAME = AccentColor;
				ASSETCATALOG_COMPILER_WIDGET_BACKGROUND_COLOR_NAME = WidgetBackground;
				CODE_SIGN_STYLE = Automatic;
				CURRENT_PROJECT_VERSION = 1;
				DEVELOPMENT_TEAM = 299J6S3M7M;
				GENERATE_INFOPLIST_FILE = YES;
				INFOPLIST_FILE = WidgetView/Info.plist;
				INFOPLIST_KEY_CFBundleDisplayName = WidgetView;
				INFOPLIST_KEY_NSHumanReadableCopyright = "";
				LD_RUNPATH_SEARCH_PATHS = (
					"$(inherited)",
					"@executable_path/Frameworks",
					"@executable_path/../../Frameworks",
				);
				MARKETING_VERSION = 1.0;
				PRODUCT_BUNDLE_IDENTIFIER = com.sladezhang.LiveActivityDemo.WidgetView;
				PRODUCT_NAME = "$(TARGET_NAME)";
				SKIP_INSTALL = YES;
				SWIFT_EMIT_LOC_STRINGS = YES;
				SWIFT_VERSION = 5.0;
				TARGETED_DEVICE_FAMILY = "1,2";
			};
			name = Debug;
		};
		6A31BAA12B5CBF20005AC8C2 /* Release */ = {
			isa = XCBuildConfiguration;
			buildSettings = {
				ASSETCATALOG_COMPILER_GLOBAL_ACCENT_COLOR_NAME = AccentColor;
				ASSETCATALOG_COMPILER_WIDGET_BACKGROUND_COLOR_NAME = WidgetBackground;
				CODE_SIGN_STYLE = Automatic;
				CURRENT_PROJECT_VERSION = 1;
				DEVELOPMENT_TEAM = 299J6S3M7M;
				GENERATE_INFOPLIST_FILE = YES;
				INFOPLIST_FILE = WidgetView/Info.plist;
				INFOPLIST_KEY_CFBundleDisplayName = WidgetView;
				INFOPLIST_KEY_NSHumanReadableCopyright = "";
				LD_RUNPATH_SEARCH_PATHS = (
					"$(inherited)",
					"@executable_path/Frameworks",
					"@executable_path/../../Frameworks",
				);
				MARKETING_VERSION = 1.0;
				PRODUCT_BUNDLE_IDENTIFIER = com.sladezhang.LiveActivityDemo.WidgetView;
				PRODUCT_NAME = "$(TARGET_NAME)";
				SKIP_INSTALL = YES;
				SWIFT_EMIT_LOC_STRINGS = YES;
				SWIFT_VERSION = 5.0;
				TARGETED_DEVICE_FAMILY = "1,2";
			};
			name = Release;
		};
/* End XCBuildConfiguration section */

/* Begin XCConfigurationList section */
		6A31BA4D2B5CA07D005AC8C2 /* Build configuration list for PBXProject "LiveActivityDemo" */ = {
			isa = XCConfigurationList;
			buildConfigurations = (
				6A31BA7B2B5CA080005AC8C2 /* Debug */,
				6A31BA7C2B5CA080005AC8C2 /* Release */,
			);
			defaultConfigurationIsVisible = 0;
			defaultConfigurationName = Release;
		};
		6A31BA7D2B5CA080005AC8C2 /* Build configuration list for PBXNativeTarget "LiveActivityDemo" */ = {
			isa = XCConfigurationList;
			buildConfigurations = (
				6A31BA7E2B5CA080005AC8C2 /* Debug */,
				6A31BA7F2B5CA080005AC8C2 /* Release */,
			);
			defaultConfigurationIsVisible = 0;
			defaultConfigurationName = Release;
		};
		6A31BA802B5CA080005AC8C2 /* Build configuration list for PBXNativeTarget "LiveActivityDemoTests" */ = {
			isa = XCConfigurationList;
			buildConfigurations = (
				6A31BA812B5CA080005AC8C2 /* Debug */,
				6A31BA822B5CA080005AC8C2 /* Release */,
			);
			defaultConfigurationIsVisible = 0;
			defaultConfigurationName = Release;
		};
		6A31BA832B5CA080005AC8C2 /* Build configuration list for PBXNativeTarget "LiveActivityDemoUITests" */ = {
			isa = XCConfigurationList;
			buildConfigurations = (
				6A31BA842B5CA080005AC8C2 /* Debug */,
				6A31BA852B5CA080005AC8C2 /* Release */,
			);
			defaultConfigurationIsVisible = 0;
			defaultConfigurationName = Release;
		};
		6A31BA9F2B5CBF20005AC8C2 /* Build configuration list for PBXNativeTarget "WidgetViewExtension" */ = {
			isa = XCConfigurationList;
			buildConfigurations = (
				6A31BAA02B5CBF20005AC8C2 /* Debug */,
				6A31BAA12B5CBF20005AC8C2 /* Release */,
			);
			defaultConfigurationIsVisible = 0;
			defaultConfigurationName = Release;
		};
/* End XCConfigurationList section */

/* Begin XCVersionGroup section */
		6A31BA602B5CA07F005AC8C2 /* LiveActivityDemo.xcdatamodeld */ = {
			isa = XCVersionGroup;
			children = (
				6A31BA612B5CA07F005AC8C2 /* LiveActivityDemo.xcdatamodel */,
			);
			currentVersion = 6A31BA612B5CA07F005AC8C2 /* LiveActivityDemo.xcdatamodel */;
			path = LiveActivityDemo.xcdatamodeld;
			sourceTree = "<group>";
			versionGroupType = wrapper.xcdatamodel;
		};
/* End XCVersionGroup section */
	};
	rootObject = 6A31BA4A2B5CA07D005AC8C2 /* Project object */;
}
